
Microsoft Visual Studio Solution File, Format Version 12.00
# Visual Studio Version 17
VisualStudioVersion = 17.9.34723.18
MinimumVisualStudioVersion = 10.0.40219.1
Project("{FAE04EC0-301F-11D3-BF4B-00C04F79EFBC}") = "csharp-fizzbuzz", "csharp-fizzbuzz\csharp-fizzbuzz.csproj", "{40228B74-6384-4160-8CD2-2476D007F402}"
EndProject
Global
	GlobalSection(SolutionConfigurationPlatforms) = preSolution
		Debug|Any CPU = Debug|Any CPU
		Release|Any CPU = Release|Any CPU
	EndGlobalSection
	GlobalSection(ProjectConfigurationPlatforms) = postSolution
		{40228B74-6384-4160-8CD2-2476D007F402}.Debug|Any CPU.ActiveCfg = Debug|Any CPU
		{40228B74-6384-4160-8CD2-2476D007F402}.Debug|Any CPU.Build.0 = Debug|Any CPU
		{40228B74-6384-4160-8CD2-2476D007F402}.Release|Any CPU.ActiveCfg = Release|Any CPU
		{40228B74-6384-4160-8CD2-2476D007F402}.Release|Any CPU.Build.0 = Release|Any CPU
	EndGlobalSection
	GlobalSection(SolutionProperties) = preSolution
		HideSolutionNode = FALSE
	EndGlobalSection
	GlobalSection(ExtensibilityGlobals) = postSolution
		SolutionGuid = {EA90108B-AD64-426E-A19A-D5E9E0BF98C1}
	EndGlobalSection
EndGlobal
